// !$*UTF8*$!
{
	archiveVersion = 1;
	classes = {
	};
	objectVersion = 55;
	objects = {

/* Begin PBXBuildFile section */
		379859C119C69583EA062E52 /* Pods_TodoListApp.framework in Frameworks */ = {isa = PBXBuildFile; fileRef = B5ECF6A08AFFB5DE6B2629DB /* Pods_TodoListApp.framework */; };
		69B788F327425959009D6E38 /* AppDelegate.swift in Sources */ = {isa = PBXBuildFile; fileRef = 69B788F227425959009D6E38 /* AppDelegate.swift */; };
		69B788FA27425959009D6E38 /* Main.storyboard in Resources */ = {isa = PBXBuildFile; fileRef = 69B788F827425959009D6E38 /* Main.storyboard */; };
		69B788FC2742595B009D6E38 /* Assets.xcassets in Resources */ = {isa = PBXBuildFile; fileRef = 69B788FB2742595B009D6E38 /* Assets.xcassets */; };
		69B788FF2742595B009D6E38 /* LaunchScreen.storyboard in Resources */ = {isa = PBXBuildFile; fileRef = 69B788FD2742595B009D6E38 /* LaunchScreen.storyboard */; };
		69B7890827426628009D6E38 /* Realm in Frameworks */ = {isa = PBXBuildFile; productRef = 69B7890727426628009D6E38 /* Realm */; };
		69B7890A27426628009D6E38 /* RealmSwift in Frameworks */ = {isa = PBXBuildFile; productRef = 69B7890927426628009D6E38 /* RealmSwift */; };
		69B7891627426AD2009D6E38 /* SplashViewController.swift in Sources */ = {isa = PBXBuildFile; fileRef = 69B7891527426AD2009D6E38 /* SplashViewController.swift */; };
		69B7891827426AE0009D6E38 /* SplashPresenter.swift in Sources */ = {isa = PBXBuildFile; fileRef = 69B7891727426AE0009D6E38 /* SplashPresenter.swift */; };
		69B7891A27426AEF009D6E38 /* SplashInteractor.swift in Sources */ = {isa = PBXBuildFile; fileRef = 69B7891927426AEF009D6E38 /* SplashInteractor.swift */; };
		69B7891C27426AFC009D6E38 /* SplashEntities.swift in Sources */ = {isa = PBXBuildFile; fileRef = 69B7891B27426AFC009D6E38 /* SplashEntities.swift */; };
		69B7891E27426B07009D6E38 /* SplashRouter.swift in Sources */ = {isa = PBXBuildFile; fileRef = 69B7891D27426B07009D6E38 /* SplashRouter.swift */; };
		69B7892027426BCB009D6E38 /* BaseRouter.swift in Sources */ = {isa = PBXBuildFile; fileRef = 69B7891F27426BCB009D6E38 /* BaseRouter.swift */; };
		69B7892227426BD7009D6E38 /* BasePresenter.swift in Sources */ = {isa = PBXBuildFile; fileRef = 69B7892127426BD7009D6E38 /* BasePresenter.swift */; };
		69B7892427426BE2009D6E38 /* BaseView.swift in Sources */ = {isa = PBXBuildFile; fileRef = 69B7892327426BE2009D6E38 /* BaseView.swift */; };
		69B7892627426BFF009D6E38 /* BaseInteractor.swift in Sources */ = {isa = PBXBuildFile; fileRef = 69B7892527426BFF009D6E38 /* BaseInteractor.swift */; };
		69B7892827426C48009D6E38 /* InteractorHelper.swift in Sources */ = {isa = PBXBuildFile; fileRef = 69B7892727426C48009D6E38 /* InteractorHelper.swift */; };
		69B7893027427027009D6E38 /* HomePresenter.swift in Sources */ = {isa = PBXBuildFile; fileRef = 69B7892F27427027009D6E38 /* HomePresenter.swift */; };
		69B7893227427032009D6E38 /* HomeInteractor.swift in Sources */ = {isa = PBXBuildFile; fileRef = 69B7893127427032009D6E38 /* HomeInteractor.swift */; };
		69B7893427427040009D6E38 /* HomeEntities.swift in Sources */ = {isa = PBXBuildFile; fileRef = 69B7893327427040009D6E38 /* HomeEntities.swift */; };
		69B789362742704E009D6E38 /* HomeRouter.swift in Sources */ = {isa = PBXBuildFile; fileRef = 69B789352742704E009D6E38 /* HomeRouter.swift */; };
		69B7893927427066009D6E38 /* HomeViewController.swift in Sources */ = {isa = PBXBuildFile; fileRef = 69B7893727427066009D6E38 /* HomeViewController.swift */; };
		69B7893A27427066009D6E38 /* HomeViewController.xib in Resources */ = {isa = PBXBuildFile; fileRef = 69B7893827427066009D6E38 /* HomeViewController.xib */; };
		69B7893C274272E3009D6E38 /* TaskList.swift in Sources */ = {isa = PBXBuildFile; fileRef = 69B7893B274272E2009D6E38 /* TaskList.swift */; };
		69B7893E274272F4009D6E38 /* NavigationTitleTypes.swift in Sources */ = {isa = PBXBuildFile; fileRef = 69B7893D274272F4009D6E38 /* NavigationTitleTypes.swift */; };
		69B7894027427305009D6E38 /* RealmHelper.swift in Sources */ = {isa = PBXBuildFile; fileRef = 69B7893F27427305009D6E38 /* RealmHelper.swift */; };
		69B78942274277A8009D6E38 /* HomeTableViewSource.swift in Sources */ = {isa = PBXBuildFile; fileRef = 69B78941274277A7009D6E38 /* HomeTableViewSource.swift */; };
		69B78945274277C2009D6E38 /* HomeTableViewCell.swift in Sources */ = {isa = PBXBuildFile; fileRef = 69B78943274277C2009D6E38 /* HomeTableViewCell.swift */; };
		69B78946274277C2009D6E38 /* HomeTableViewCell.xib in Resources */ = {isa = PBXBuildFile; fileRef = 69B78944274277C2009D6E38 /* HomeTableViewCell.xib */; };
		69B7894A27427959009D6E38 /* CustomNavigationTitleView.swift in Sources */ = {isa = PBXBuildFile; fileRef = 69B7894827427959009D6E38 /* CustomNavigationTitleView.swift */; };
		69B7894B27427959009D6E38 /* CustomNavigationTitleView.xib in Resources */ = {isa = PBXBuildFile; fileRef = 69B7894927427959009D6E38 /* CustomNavigationTitleView.xib */; };
/* End PBXBuildFile section */

/* Begin PBXFileReference section */
		3294AE835907C30F69B17B2B /* Pods-TodoListApp.release.xcconfig */ = {isa = PBXFileReference; includeInIndex = 1; lastKnownFileType = text.xcconfig; name = "Pods-TodoListApp.release.xcconfig"; path = "Target Support Files/Pods-TodoListApp/Pods-TodoListApp.release.xcconfig"; sourceTree = "<group>"; };
		69B788EF27425959009D6E38 /* TodoListApp.app */ = {isa = PBXFileReference; explicitFileType = wrapper.application; includeInIndex = 0; path = TodoListApp.app; sourceTree = BUILT_PRODUCTS_DIR; };
		69B788F227425959009D6E38 /* AppDelegate.swift */ = {isa = PBXFileReference; lastKnownFileType = sourcecode.swift; path = AppDelegate.swift; sourceTree = "<group>"; };
		69B788F927425959009D6E38 /* Base */ = {isa = PBXFileReference; lastKnownFileType = file.storyboard; name = Base; path = Base.lproj/Main.storyboard; sourceTree = "<group>"; };
		69B788FB2742595B009D6E38 /* Assets.xcassets */ = {isa = PBXFileReference; lastKnownFileType = folder.assetcatalog; path = Assets.xcassets; sourceTree = "<group>"; };
		69B788FE2742595B009D6E38 /* Base */ = {isa = PBXFileReference; lastKnownFileType = file.storyboard; name = Base; path = Base.lproj/LaunchScreen.storyboard; sourceTree = "<group>"; };
		69B789002742595C009D6E38 /* Info.plist */ = {isa = PBXFileReference; lastKnownFileType = text.plist.xml; path = Info.plist; sourceTree = "<group>"; };
		69B7891527426AD2009D6E38 /* SplashViewController.swift */ = {isa = PBXFileReference; lastKnownFileType = sourcecode.swift; path = SplashViewController.swift; sourceTree = "<group>"; };
		69B7891727426AE0009D6E38 /* SplashPresenter.swift */ = {isa = PBXFileReference; lastKnownFileType = sourcecode.swift; path = SplashPresenter.swift; sourceTree = "<group>"; };
		69B7891927426AEF009D6E38 /* SplashInteractor.swift */ = {isa = PBXFileReference; lastKnownFileType = sourcecode.swift; path = SplashInteractor.swift; sourceTree = "<group>"; };
		69B7891B27426AFC009D6E38 /* SplashEntities.swift */ = {isa = PBXFileReference; lastKnownFileType = sourcecode.swift; path = SplashEntities.swift; sourceTree = "<group>"; };
		69B7891D27426B07009D6E38 /* SplashRouter.swift */ = {isa = PBXFileReference; lastKnownFileType = sourcecode.swift; path = SplashRouter.swift; sourceTree = "<group>"; };
		69B7891F27426BCB009D6E38 /* BaseRouter.swift */ = {isa = PBXFileReference; lastKnownFileType = sourcecode.swift; path = BaseRouter.swift; sourceTree = "<group>"; };
		69B7892127426BD7009D6E38 /* BasePresenter.swift */ = {isa = PBXFileReference; lastKnownFileType = sourcecode.swift; path = BasePresenter.swift; sourceTree = "<group>"; };
		69B7892327426BE2009D6E38 /* BaseView.swift */ = {isa = PBXFileReference; lastKnownFileType = sourcecode.swift; path = BaseView.swift; sourceTree = "<group>"; };
		69B7892527426BFF009D6E38 /* BaseInteractor.swift */ = {isa = PBXFileReference; lastKnownFileType = sourcecode.swift; path = BaseInteractor.swift; sourceTree = "<group>"; };
		69B7892727426C48009D6E38 /* InteractorHelper.swift */ = {isa = PBXFileReference; lastKnownFileType = sourcecode.swift; path = InteractorHelper.swift; sourceTree = "<group>"; };
		69B7892F27427027009D6E38 /* HomePresenter.swift */ = {isa = PBXFileReference; lastKnownFileType = sourcecode.swift; path = HomePresenter.swift; sourceTree = "<group>"; };
		69B7893127427032009D6E38 /* HomeInteractor.swift */ = {isa = PBXFileReference; lastKnownFileType = sourcecode.swift; path = HomeInteractor.swift; sourceTree = "<group>"; };
		69B7893327427040009D6E38 /* HomeEntities.swift */ = {isa = PBXFileReference; lastKnownFileType = sourcecode.swift; path = HomeEntities.swift; sourceTree = "<group>"; };
		69B789352742704E009D6E38 /* HomeRouter.swift */ = {isa = PBXFileReference; lastKnownFileType = sourcecode.swift; path = HomeRouter.swift; sourceTree = "<group>"; };
		69B7893727427066009D6E38 /* HomeViewController.swift */ = {isa = PBXFileReference; lastKnownFileType = sourcecode.swift; path = HomeViewController.swift; sourceTree = "<group>"; };
		69B7893827427066009D6E38 /* HomeViewController.xib */ = {isa = PBXFileReference; lastKnownFileType = file.xib; path = HomeViewController.xib; sourceTree = "<group>"; };
		69B7893B274272E2009D6E38 /* TaskList.swift */ = {isa = PBXFileReference; lastKnownFileType = sourcecode.swift; name = TaskList.swift; path = TodoListApp/Screens/Home/TaskList.swift; sourceTree = SOURCE_ROOT; };
		69B7893D274272F4009D6E38 /* NavigationTitleTypes.swift */ = {isa = PBXFileReference; lastKnownFileType = sourcecode.swift; name = NavigationTitleTypes.swift; path = TodoListApp/Screens/Home/NavigationTitleTypes.swift; sourceTree = SOURCE_ROOT; };
		69B7893F27427305009D6E38 /* RealmHelper.swift */ = {isa = PBXFileReference; lastKnownFileType = sourcecode.swift; path = RealmHelper.swift; sourceTree = "<group>"; };
		69B78941274277A7009D6E38 /* HomeTableViewSource.swift */ = {isa = PBXFileReference; lastKnownFileType = sourcecode.swift; name = HomeTableViewSource.swift; path = TodoListApp/Helpers/HomeTableViewSource.swift; sourceTree = SOURCE_ROOT; };
		69B78943274277C2009D6E38 /* HomeTableViewCell.swift */ = {isa = PBXFileReference; lastKnownFileType = sourcecode.swift; name = HomeTableViewCell.swift; path = TodoListApp/TableViewCells/Controllers/HomeTableViewCell.swift; sourceTree = SOURCE_ROOT; };
		69B78944274277C2009D6E38 /* HomeTableViewCell.xib */ = {isa = PBXFileReference; lastKnownFileType = file.xib; name = HomeTableViewCell.xib; path = TodoListApp/Helpers/HomeTableViewCell.xib; sourceTree = SOURCE_ROOT; };
		69B7894827427959009D6E38 /* CustomNavigationTitleView.swift */ = {isa = PBXFileReference; lastKnownFileType = sourcecode.swift; name = CustomNavigationTitleView.swift; path = TodoListApp/Helpers/CustomNavigationTitleView.swift; sourceTree = SOURCE_ROOT; };
		69B7894927427959009D6E38 /* CustomNavigationTitleView.xib */ = {isa = PBXFileReference; lastKnownFileType = file.xib; name = CustomNavigationTitleView.xib; path = TodoListApp/Helpers/CustomNavigationTitleView.xib; sourceTree = SOURCE_ROOT; };
		AD464350F57D6AA221563DC7 /* Pods-TodoListApp.debug.xcconfig */ = {isa = PBXFileReference; includeInIndex = 1; lastKnownFileType = text.xcconfig; name = "Pods-TodoListApp.debug.xcconfig"; path = "Target Support Files/Pods-TodoListApp/Pods-TodoListApp.debug.xcconfig"; sourceTree = "<group>"; };
		B5ECF6A08AFFB5DE6B2629DB /* Pods_TodoListApp.framework */ = {isa = PBXFileReference; explicitFileType = wrapper.framework; includeInIndex = 0; path = Pods_TodoListApp.framework; sourceTree = BUILT_PRODUCTS_DIR; };
/* End PBXFileReference section */

/* Begin PBXFrameworksBuildPhase section */
		69B788EC27425959009D6E38 /* Frameworks */ = {
			isa = PBXFrameworksBuildPhase;
			buildActionMask = 2147483647;
			files = (
				69B7890A27426628009D6E38 /* RealmSwift in Frameworks */,
				69B7890827426628009D6E38 /* Realm in Frameworks */,
				379859C119C69583EA062E52 /* Pods_TodoListApp.framework in Frameworks */,
			);
			runOnlyForDeploymentPostprocessing = 0;
		};
/* End PBXFrameworksBuildPhase section */

/* Begin PBXGroup section */
		69B788E627425959009D6E38 = {
			isa = PBXGroup;
			children = (
				69B788F127425959009D6E38 /* TodoListApp */,
				69B788F027425959009D6E38 /* Products */,
				BE97B16E2B234F0BB104956A /* Pods */,
				88F0894378B22B7EB58254A4 /* Frameworks */,
			);
			sourceTree = "<group>";
		};
		69B788F027425959009D6E38 /* Products */ = {
			isa = PBXGroup;
			children = (
				69B788EF27425959009D6E38 /* TodoListApp.app */,
			);
			name = Products;
			sourceTree = "<group>";
		};
		69B788F127425959009D6E38 /* TodoListApp */ = {
			isa = PBXGroup;
			children = (
				69B788F227425959009D6E38 /* AppDelegate.swift */,
				69B7891327426A37009D6E38 /* Entities */,
				69B7891227426A2B009D6E38 /* Enums */,
				69B7891127426A1E009D6E38 /* Helpers */,
				69B7891027426A14009D6E38 /* CustomViews */,
				69B7890F27426A0C009D6E38 /* Protocols */,
				69B7890E274269FE009D6E38 /* TableViewSources */,
				69B7890D274269F7009D6E38 /* TableViewCells */,
				69B7890C274269F2009D6E38 /* Screens */,
				69B7890B274269DF009D6E38 /* Resources */,
				69B789002742595C009D6E38 /* Info.plist */,
			);
			path = TodoListApp;
			sourceTree = "<group>";
		};
		69B7890B274269DF009D6E38 /* Resources */ = {
			isa = PBXGroup;
			children = (
				69B788F827425959009D6E38 /* Main.storyboard */,
				69B788FB2742595B009D6E38 /* Assets.xcassets */,
				69B788FD2742595B009D6E38 /* LaunchScreen.storyboard */,
			);
			path = Resources;
			sourceTree = "<group>";
		};
		69B7890C274269F2009D6E38 /* Screens */ = {
			isa = PBXGroup;
			children = (
				69B7892C27426FFE009D6E38 /* Home */,
				69B7891427426AB9009D6E38 /* Splash */,
			);
			path = Screens;
			sourceTree = "<group>";
		};
		69B7890D274269F7009D6E38 /* TableViewCells */ = {
			isa = PBXGroup;
			children = (
				69B78947274277D1009D6E38 /* Controllers */,
				69B78944274277C2009D6E38 /* HomeTableViewCell.xib */,
			);
			path = TableViewCells;
			sourceTree = "<group>";
		};
		69B7890E274269FE009D6E38 /* TableViewSources */ = {
			isa = PBXGroup;
			children = (
				69B78941274277A7009D6E38 /* HomeTableViewSource.swift */,
			);
			path = TableViewSources;
			sourceTree = "<group>";
		};
		69B7890F27426A0C009D6E38 /* Protocols */ = {
			isa = PBXGroup;
			children = (
				69B7891F27426BCB009D6E38 /* BaseRouter.swift */,
				69B7892127426BD7009D6E38 /* BasePresenter.swift */,
				69B7892327426BE2009D6E38 /* BaseView.swift */,
				69B7892527426BFF009D6E38 /* BaseInteractor.swift */,
			);
			path = Protocols;
			sourceTree = "<group>";
		};
		69B7891027426A14009D6E38 /* CustomViews */ = {
			isa = PBXGroup;
			children = (
				69B7894827427959009D6E38 /* CustomNavigationTitleView.swift */,
				69B7894927427959009D6E38 /* CustomNavigationTitleView.xib */,
			);
			path = CustomViews;
			sourceTree = "<group>";
		};
		69B7891127426A1E009D6E38 /* Helpers */ = {
			isa = PBXGroup;
			children = (
				69B7892727426C48009D6E38 /* InteractorHelper.swift */,
				69B7893F27427305009D6E38 /* RealmHelper.swift */,
			);
			path = Helpers;
			sourceTree = "<group>";
		};
		69B7891227426A2B009D6E38 /* Enums */ = {
			isa = PBXGroup;
			children = (
				69B7893D274272F4009D6E38 /* NavigationTitleTypes.swift */,
			);
			path = Enums;
			sourceTree = "<group>";
		};
		69B7891327426A37009D6E38 /* Entities */ = {
			isa = PBXGroup;
			children = (
				69B7893B274272E2009D6E38 /* TaskList.swift */,
			);
			path = Entities;
			sourceTree = "<group>";
		};
		69B7891427426AB9009D6E38 /* Splash */ = {
			isa = PBXGroup;
			children = (
				69B7891527426AD2009D6E38 /* SplashViewController.swift */,
				69B7891727426AE0009D6E38 /* SplashPresenter.swift */,
				69B7891927426AEF009D6E38 /* SplashInteractor.swift */,
				69B7891B27426AFC009D6E38 /* SplashEntities.swift */,
				69B7891D27426B07009D6E38 /* SplashRouter.swift */,
			);
			path = Splash;
			sourceTree = "<group>";
		};
		69B7892C27426FFE009D6E38 /* Home */ = {
			isa = PBXGroup;
			children = (
				69B7893727427066009D6E38 /* HomeViewController.swift */,
				69B7892F27427027009D6E38 /* HomePresenter.swift */,
				69B7893127427032009D6E38 /* HomeInteractor.swift */,
				69B7893327427040009D6E38 /* HomeEntities.swift */,
				69B789352742704E009D6E38 /* HomeRouter.swift */,
				69B7893827427066009D6E38 /* HomeViewController.xib */,
			);
			path = Home;
			sourceTree = "<group>";
		};
		69B78947274277D1009D6E38 /* Controllers */ = {
			isa = PBXGroup;
			children = (
				69B78943274277C2009D6E38 /* HomeTableViewCell.swift */,
			);
			path = Controllers;
			sourceTree = "<group>";
		};
		88F0894378B22B7EB58254A4 /* Frameworks */ = {
			isa = PBXGroup;
			children = (
				B5ECF6A08AFFB5DE6B2629DB /* Pods_TodoListApp.framework */,
			);
			name = Frameworks;
			sourceTree = "<group>";
		};
		BE97B16E2B234F0BB104956A /* Pods */ = {
			isa = PBXGroup;
			children = (
				AD464350F57D6AA221563DC7 /* Pods-TodoListApp.debug.xcconfig */,
				3294AE835907C30F69B17B2B /* Pods-TodoListApp.release.xcconfig */,
			);
			path = Pods;
			sourceTree = "<group>";
		};
/* End PBXGroup section */

/* Begin PBXNativeTarget section */
		69B788EE27425959009D6E38 /* TodoListApp */ = {
			isa = PBXNativeTarget;
			buildConfigurationList = 69B789032742595C009D6E38 /* Build configuration list for PBXNativeTarget "TodoListApp" */;
			buildPhases = (
				15D583A8201ACA3117FC5ED8 /* [CP] Check Pods Manifest.lock */,
				69B788EB27425959009D6E38 /* Sources */,
				69B788EC27425959009D6E38 /* Frameworks */,
				69B788ED27425959009D6E38 /* Resources */,
				9C0A3DC9EF2C0D4811B57564 /* [CP] Embed Pods Frameworks */,
			);
			buildRules = (
			);
			dependencies = (
			);
			name = TodoListApp;
			packageProductDependencies = (
				69B7890727426628009D6E38 /* Realm */,
				69B7890927426628009D6E38 /* RealmSwift */,
			);
			productName = TodoListApp;
			productReference = 69B788EF27425959009D6E38 /* TodoListApp.app */;
			productType = "com.apple.product-type.application";
		};
/* End PBXNativeTarget section */

/* Begin PBXProject section */
		69B788E727425959009D6E38 /* Project object */ = {
			isa = PBXProject;
			attributes = {
				BuildIndependentTargetsInParallel = 1;
				LastSwiftUpdateCheck = 1310;
				LastUpgradeCheck = 1310;
				TargetAttributes = {
					69B788EE27425959009D6E38 = {
						CreatedOnToolsVersion = 13.1;
					};
				};
			};
			buildConfigurationList = 69B788EA27425959009D6E38 /* Build configuration list for PBXProject "TodoListApp" */;
			compatibilityVersion = "Xcode 13.0";
			developmentRegion = en;
			hasScannedForEncodings = 0;
			knownRegions = (
				en,
				Base,
			);
			mainGroup = 69B788E627425959009D6E38;
			packageReferences = (
				69B7890627426628009D6E38 /* XCRemoteSwiftPackageReference "realm-cocoa" */,
			);
			productRefGroup = 69B788F027425959009D6E38 /* Products */;
			projectDirPath = "";
			projectRoot = "";
			targets = (
				69B788EE27425959009D6E38 /* TodoListApp */,
			);
		};
/* End PBXProject section */

/* Begin PBXResourcesBuildPhase section */
		69B788ED27425959009D6E38 /* Resources */ = {
			isa = PBXResourcesBuildPhase;
			buildActionMask = 2147483647;
			files = (
				69B788FF2742595B009D6E38 /* LaunchScreen.storyboard in Resources */,
				69B788FC2742595B009D6E38 /* Assets.xcassets in Resources */,
				69B7894B27427959009D6E38 /* CustomNavigationTitleView.xib in Resources */,
				69B788FA27425959009D6E38 /* Main.storyboard in Resources */,
				69B78946274277C2009D6E38 /* HomeTableViewCell.xib in Resources */,
				69B7893A27427066009D6E38 /* HomeViewController.xib in Resources */,
			);
			runOnlyForDeploymentPostprocessing = 0;
		};
/* End PBXResourcesBuildPhase section */

/* Begin PBXShellScriptBuildPhase section */
		15D583A8201ACA3117FC5ED8 /* [CP] Check Pods Manifest.lock */ = {
			isa = PBXShellScriptBuildPhase;
			buildActionMask = 2147483647;
			files = (
			);
			inputFileListPaths = (
			);
			inputPaths = (
				"${PODS_PODFILE_DIR_PATH}/Podfile.lock",
				"${PODS_ROOT}/Manifest.lock",
			);
			name = "[CP] Check Pods Manifest.lock";
			outputFileListPaths = (
			);
			outputPaths = (
				"$(DERIVED_FILE_DIR)/Pods-TodoListApp-checkManifestLockResult.txt",
			);
			runOnlyForDeploymentPostprocessing = 0;
			shellPath = /bin/sh;
			shellScript = "diff \"${PODS_PODFILE_DIR_PATH}/Podfile.lock\" \"${PODS_ROOT}/Manifest.lock\" > /dev/null\nif [ $? != 0 ] ; then\n    # print error to STDERR\n    echo \"error: The sandbox is not in sync with the Podfile.lock. Run 'pod install' or update your CocoaPods installation.\" >&2\n    exit 1\nfi\n# This output is used by Xcode 'outputs' to avoid re-running this script phase.\necho \"SUCCESS\" > \"${SCRIPT_OUTPUT_FILE_0}\"\n";
			showEnvVarsInLog = 0;
		};
		9C0A3DC9EF2C0D4811B57564 /* [CP] Embed Pods Frameworks */ = {
			isa = PBXShellScriptBuildPhase;
			buildActionMask = 2147483647;
			files = (
			);
			inputFileListPaths = (
				"${PODS_ROOT}/Target Support Files/Pods-TodoListApp/Pods-TodoListApp-frameworks-${CONFIGURATION}-input-files.xcfilelist",
			);
			name = "[CP] Embed Pods Frameworks";
			outputFileListPaths = (
				"${PODS_ROOT}/Target Support Files/Pods-TodoListApp/Pods-TodoListApp-frameworks-${CONFIGURATION}-output-files.xcfilelist",
			);
			runOnlyForDeploymentPostprocessing = 0;
			shellPath = /bin/sh;
			shellScript = "\"${PODS_ROOT}/Target Support Files/Pods-TodoListApp/Pods-TodoListApp-frameworks.sh\"\n";
			showEnvVarsInLog = 0;
		};
/* End PBXShellScriptBuildPhase section */

/* Begin PBXSourcesBuildPhase section */
		69B788EB27425959009D6E38 /* Sources */ = {
			isa = PBXSourcesBuildPhase;
			buildActionMask = 2147483647;
			files = (
				69B788F327425959009D6E38 /* AppDelegate.swift in Sources */,
				69B7892627426BFF009D6E38 /* BaseInteractor.swift in Sources */,
				69B7892227426BD7009D6E38 /* BasePresenter.swift in Sources */,
				69B7893427427040009D6E38 /* HomeEntities.swift in Sources */,
				69B7891E27426B07009D6E38 /* SplashRouter.swift in Sources */,
				69B789362742704E009D6E38 /* HomeRouter.swift in Sources */,
				69B7892027426BCB009D6E38 /* BaseRouter.swift in Sources */,
				69B7892827426C48009D6E38 /* InteractorHelper.swift in Sources */,
				69B7891C27426AFC009D6E38 /* SplashEntities.swift in Sources */,
				69B78945274277C2009D6E38 /* HomeTableViewCell.swift in Sources */,
				69B7894A27427959009D6E38 /* CustomNavigationTitleView.swift in Sources */,
				69B7891627426AD2009D6E38 /* SplashViewController.swift in Sources */,
				69B7892427426BE2009D6E38 /* BaseView.swift in Sources */,
				69B7893927427066009D6E38 /* HomeViewController.swift in Sources */,
				69B7893E274272F4009D6E38 /* NavigationTitleTypes.swift in Sources */,
				69B78942274277A8009D6E38 /* HomeTableViewSource.swift in Sources */,
				69B7894027427305009D6E38 /* RealmHelper.swift in Sources */,
				69B7893027427027009D6E38 /* HomePresenter.swift in Sources */,
				69B7891827426AE0009D6E38 /* SplashPresenter.swift in Sources */,
				69B7891A27426AEF009D6E38 /* SplashInteractor.swift in Sources */,
				69B7893C274272E3009D6E38 /* TaskList.swift in Sources */,
				69B7893227427032009D6E38 /* HomeInteractor.swift in Sources */,
			);
			runOnlyForDeploymentPostprocessing = 0;
		};
/* End PBXSourcesBuildPhase section */

/* Begin PBXVariantGroup section */
		69B788F827425959009D6E38 /* Main.storyboard */ = {
			isa = PBXVariantGroup;
			children = (
				69B788F927425959009D6E38 /* Base */,
			);
			name = Main.storyboard;
			sourceTree = "<group>";
		};
		69B788FD2742595B009D6E38 /* LaunchScreen.storyboard */ = {
			isa = PBXVariantGroup;
			children = (
				69B788FE2742595B009D6E38 /* Base */,
			);
			name = LaunchScreen.storyboard;
			sourceTree = "<group>";
		};
/* End PBXVariantGroup section */

/* Begin XCBuildConfiguration section */
		69B789012742595C009D6E38 /* Debug */ = {
			isa = XCBuildConfiguration;
			buildSettings = {
				ALWAYS_SEARCH_USER_PATHS = NO;
				CLANG_ANALYZER_NONNULL = YES;
				CLANG_ANALYZER_NUMBER_OBJECT_CONVERSION = YES_AGGRESSIVE;
				CLANG_CXX_LANGUAGE_STANDARD = "gnu++17";
				CLANG_CXX_LIBRARY = "libc++";
				CLANG_ENABLE_MODULES = YES;
				CLANG_ENABLE_OBJC_ARC = YES;
				CLANG_ENABLE_OBJC_WEAK = YES;
				CLANG_WARN_BLOCK_CAPTURE_AUTORELEASING = YES;
				CLANG_WARN_BOOL_CONVERSION = YES;
				CLANG_WARN_COMMA = YES;
				CLANG_WARN_CONSTANT_CONVERSION = YES;
				CLANG_WARN_DEPRECATED_OBJC_IMPLEMENTATIONS = YES;
				CLANG_WARN_DIRECT_OBJC_ISA_USAGE = YES_ERROR;
				CLANG_WARN_DOCUMENTATION_COMMENTS = YES;
				CLANG_WARN_EMPTY_BODY = YES;
				CLANG_WARN_ENUM_CONVERSION = YES;
				CLANG_WARN_INFINITE_RECURSION = YES;
				CLANG_WARN_INT_CONVERSION = YES;
				CLANG_WARN_NON_LITERAL_NULL_CONVERSION = YES;
				CLANG_WARN_OBJC_IMPLICIT_RETAIN_SELF = YES;
				CLANG_WARN_OBJC_LITERAL_CONVERSION = YES;
				CLANG_WARN_OBJC_ROOT_CLASS = YES_ERROR;
				CLANG_WARN_QUOTED_INCLUDE_IN_FRAMEWORK_HEADER = YES;
				CLANG_WARN_RANGE_LOOP_ANALYSIS = YES;
				CLANG_WARN_STRICT_PROTOTYPES = YES;
				CLANG_WARN_SUSPICIOUS_MOVE = YES;
				CLANG_WARN_UNGUARDED_AVAILABILITY = YES_AGGRESSIVE;
				CLANG_WARN_UNREACHABLE_CODE = YES;
				CLANG_WARN__DUPLICATE_METHOD_MATCH = YES;
				COPY_PHASE_STRIP = NO;
				DEBUG_INFORMATION_FORMAT = dwarf;
				ENABLE_STRICT_OBJC_MSGSEND = YES;
				ENABLE_TESTABILITY = YES;
				GCC_C_LANGUAGE_STANDARD = gnu11;
				GCC_DYNAMIC_NO_PIC = NO;
				GCC_NO_COMMON_BLOCKS = YES;
				GCC_OPTIMIZATION_LEVEL = 0;
				GCC_PREPROCESSOR_DEFINITIONS = (
					"DEBUG=1",
					"$(inherited)",
				);
				GCC_WARN_64_TO_32_BIT_CONVERSION = YES;
				GCC_WARN_ABOUT_RETURN_TYPE = YES_ERROR;
				GCC_WARN_UNDECLARED_SELECTOR = YES;
				GCC_WARN_UNINITIALIZED_AUTOS = YES_AGGRESSIVE;
				GCC_WARN_UNUSED_FUNCTION = YES;
				GCC_WARN_UNUSED_VARIABLE = YES;
				IPHONEOS_DEPLOYMENT_TARGET = 13.0;
				MTL_ENABLE_DEBUG_INFO = INCLUDE_SOURCE;
				MTL_FAST_MATH = YES;
				ONLY_ACTIVE_ARCH = YES;
				SDKROOT = iphoneos;
				SWIFT_ACTIVE_COMPILATION_CONDITIONS = DEBUG;
				SWIFT_OPTIMIZATION_LEVEL = "-Onone";
			};
			name = Debug;
		};
		69B789022742595C009D6E38 /* Release */ = {
			isa = XCBuildConfiguration;
			buildSettings = {
				ALWAYS_SEARCH_USER_PATHS = NO;
				CLANG_ANALYZER_NONNULL = YES;
				CLANG_ANALYZER_NUMBER_OBJECT_CONVERSION = YES_AGGRESSIVE;
				CLANG_CXX_LANGUAGE_STANDARD = "gnu++17";
				CLANG_CXX_LIBRARY = "libc++";
				CLANG_ENABLE_MODULES = YES;
				CLANG_ENABLE_OBJC_ARC = YES;
				CLANG_ENABLE_OBJC_WEAK = YES;
				CLANG_WARN_BLOCK_CAPTURE_AUTORELEASING = YES;
				CLANG_WARN_BOOL_CONVERSION = YES;
				CLANG_WARN_COMMA = YES;
				CLANG_WARN_CONSTANT_CONVERSION = YES;
				CLANG_WARN_DEPRECATED_OBJC_IMPLEMENTATIONS = YES;
				CLANG_WARN_DIRECT_OBJC_ISA_USAGE = YES_ERROR;
				CLANG_WARN_DOCUMENTATION_COMMENTS = YES;
				CLANG_WARN_EMPTY_BODY = YES;
				CLANG_WARN_ENUM_CONVERSION = YES;
				CLANG_WARN_INFINITE_RECURSION = YES;
				CLANG_WARN_INT_CONVERSION = YES;
				CLANG_WARN_NON_LITERAL_NULL_CONVERSION = YES;
				CLANG_WARN_OBJC_IMPLICIT_RETAIN_SELF = YES;
				CLANG_WARN_OBJC_LITERAL_CONVERSION = YES;
				CLANG_WARN_OBJC_ROOT_CLASS = YES_ERROR;
				CLANG_WARN_QUOTED_INCLUDE_IN_FRAMEWORK_HEADER = YES;
				CLANG_WARN_RANGE_LOOP_ANALYSIS = YES;
				CLANG_WARN_STRICT_PROTOTYPES = YES;
				CLANG_WARN_SUSPICIOUS_MOVE = YES;
				CLANG_WARN_UNGUARDED_AVAILABILITY = YES_AGGRESSIVE;
				CLANG_WARN_UNREACHABLE_CODE = YES;
				CLANG_WARN__DUPLICATE_METHOD_MATCH = YES;
				COPY_PHASE_STRIP = NO;
				DEBUG_INFORMATION_FORMAT = "dwarf-with-dsym";
				ENABLE_NS_ASSERTIONS = NO;
				ENABLE_STRICT_OBJC_MSGSEND = YES;
				GCC_C_LANGUAGE_STANDARD = gnu11;
				GCC_NO_COMMON_BLOCKS = YES;
				GCC_WARN_64_TO_32_BIT_CONVERSION = YES;
				GCC_WARN_ABOUT_RETURN_TYPE = YES_ERROR;
				GCC_WARN_UNDECLARED_SELECTOR = YES;
				GCC_WARN_UNINITIALIZED_AUTOS = YES_AGGRESSIVE;
				GCC_WARN_UNUSED_FUNCTION = YES;
				GCC_WARN_UNUSED_VARIABLE = YES;
				IPHONEOS_DEPLOYMENT_TARGET = 13.0;
				MTL_ENABLE_DEBUG_INFO = NO;
				MTL_FAST_MATH = YES;
				SDKROOT = iphoneos;
				SWIFT_COMPILATION_MODE = wholemodule;
				SWIFT_OPTIMIZATION_LEVEL = "-O";
				VALIDATE_PRODUCT = YES;
			};
			name = Release;
		};
		69B789042742595C009D6E38 /* Debug */ = {
			isa = XCBuildConfiguration;
			baseConfigurationReference = AD464350F57D6AA221563DC7 /* Pods-TodoListApp.debug.xcconfig */;
			buildSettings = {
				ASSETCATALOG_COMPILER_APPICON_NAME = AppIcon;
				ASSETCATALOG_COMPILER_GLOBAL_ACCENT_COLOR_NAME = AccentColor;
				CODE_SIGN_STYLE = Automatic;
				CURRENT_PROJECT_VERSION = 1;
				DEVELOPMENT_TEAM = 7MKH4SW5Z6;
				GENERATE_INFOPLIST_FILE = YES;
				INFOPLIST_FILE = TodoListApp/Info.plist;
				INFOPLIST_KEY_CFBundleDisplayName = "Mobilist TodoList";
				INFOPLIST_KEY_UIApplicationSupportsIndirectInputEvents = YES;
				INFOPLIST_KEY_UILaunchStoryboardName = LaunchScreen;
				INFOPLIST_KEY_UIMainStoryboardFile = Main;
				INFOPLIST_KEY_UISupportedInterfaceOrientations = UIInterfaceOrientationPortrait;
				INFOPLIST_KEY_UISupportedInterfaceOrientations_iPad = "UIInterfaceOrientationPortrait UIInterfaceOrientationPortraitUpsideDown UIInterfaceOrientationLandscapeLeft UIInterfaceOrientationLandscapeRight";
				INFOPLIST_KEY_UISupportedInterfaceOrientations_iPhone = "UIInterfaceOrientationPortrait UIInterfaceOrientationLandscapeLeft UIInterfaceOrientationLandscapeRight";
				IPHONEOS_DEPLOYMENT_TARGET = 13.0;
				LD_RUNPATH_SEARCH_PATHS = (
					"$(inherited)",
					"@executable_path/Frameworks",
				);
				MARKETING_VERSION = 1.0;
				PRODUCT_BUNDLE_IDENTIFIER = tr.com.mobilist.caneronat.todolistapp.TodoListApp;
				PRODUCT_NAME = "$(TARGET_NAME)";
				SWIFT_EMIT_LOC_STRINGS = YES;
				SWIFT_VERSION = 5.0;
				TARGETED_DEVICE_FAMILY = "1,2";
			};
			name = Debug;
		};
		69B789052742595C009D6E38 /* Release */ = {
			isa = XCBuildConfiguration;
			baseConfigurationReference = 3294AE835907C30F69B17B2B /* Pods-TodoListApp.release.xcconfig */;
			buildSettings = {
				ASSETCATALOG_COMPILER_APPICON_NAME = AppIcon;
				ASSETCATALOG_COMPILER_GLOBAL_ACCENT_COLOR_NAME = AccentColor;
				CODE_SIGN_STYLE = Automatic;
				CURRENT_PROJECT_VERSION = 1;
				DEVELOPMENT_TEAM = 7MKH4SW5Z6;
				GENERATE_INFOPLIST_FILE = YES;
				INFOPLIST_FILE = TodoListApp/Info.plist;
				INFOPLIST_KEY_CFBundleDisplayName = "Mobilist TodoList";
				INFOPLIST_KEY_UIApplicationSupportsIndirectInputEvents = YES;
				INFOPLIST_KEY_UILaunchStoryboardName = LaunchScreen;
				INFOPLIST_KEY_UIMainStoryboardFile = Main;
				INFOPLIST_KEY_UISupportedInterfaceOrientations = UIInterfaceOrientationPortrait;
				INFOPLIST_KEY_UISupportedInterfaceOrientations_iPad = "UIInterfaceOrientationPortrait UIInterfaceOrientationPortraitUpsideDown UIInterfaceOrientationLandscapeLeft UIInterfaceOrientationLandscapeRight";
				INFOPLIST_KEY_UISupportedInterfaceOrientations_iPhone = "UIInterfaceOrientationPortrait UIInterfaceOrientationLandscapeLeft UIInterfaceOrientationLandscapeRight";
				IPHONEOS_DEPLOYMENT_TARGET = 13.0;
				LD_RUNPATH_SEARCH_PATHS = (
					"$(inherited)",
					"@executable_path/Frameworks",
				);
				MARKETING_VERSION = 1.0;
				PRODUCT_BUNDLE_IDENTIFIER = tr.com.mobilist.caneronat.todolistapp.TodoListApp;
				PRODUCT_NAME = "$(TARGET_NAME)";
				SWIFT_EMIT_LOC_STRINGS = YES;
				SWIFT_VERSION = 5.0;
				TARGETED_DEVICE_FAMILY = "1,2";
			};
			name = Release;
		};
/* End XCBuildConfiguration section */

/* Begin XCConfigurationList section */
		69B788EA27425959009D6E38 /* Build configuration list for PBXProject "TodoListApp" */ = {
			isa = XCConfigurationList;
			buildConfigurations = (
				69B789012742595C009D6E38 /* Debug */,
				69B789022742595C009D6E38 /* Release */,
			);
			defaultConfigurationIsVisible = 0;
			defaultConfigurationName = Release;
		};
		69B789032742595C009D6E38 /* Build configuration list for PBXNativeTarget "TodoListApp" */ = {
			isa = XCConfigurationList;
			buildConfigurations = (
				69B789042742595C009D6E38 /* Debug */,
				69B789052742595C009D6E38 /* Release */,
			);
			defaultConfigurationIsVisible = 0;
			defaultConfigurationName = Release;
		};
/* End XCConfigurationList section */

/* Begin XCRemoteSwiftPackageReference section */
		69B7890627426628009D6E38 /* XCRemoteSwiftPackageReference "realm-cocoa" */ = {
			isa = XCRemoteSwiftPackageReference;
			repositoryURL = "https://github.com/realm/realm-cocoa.git";
			requirement = {
				kind = upToNextMajorVersion;
				minimumVersion = 5.0.0;
			};
		};
/* End XCRemoteSwiftPackageReference section */

/* Begin XCSwiftPackageProductDependency section */
		69B7890727426628009D6E38 /* Realm */ = {
			isa = XCSwiftPackageProductDependency;
			package = 69B7890627426628009D6E38 /* XCRemoteSwiftPackageReference "realm-cocoa" */;
			productName = Realm;
		};
		69B7890927426628009D6E38 /* RealmSwift */ = {
			isa = XCSwiftPackageProductDependency;
			package = 69B7890627426628009D6E38 /* XCRemoteSwiftPackageReference "realm-cocoa" */;
			productName = RealmSwift;
		};
/* End XCSwiftPackageProductDependency section */
	};
	rootObject = 69B788E727425959009D6E38 /* Project object */;
}
